
Microsoft Visual Studio Solution File, Format Version 12.00
# Visual Studio 14
VisualStudioVersion = 14.0.24720.0
MinimumVisualStudioVersion = 10.0.40219.1
Project("{FAE04EC0-301F-11D3-BF4B-00C04F79EFBC}") = "Haystack.Diagnostics", "Haystack.Diagnostics\Haystack.Diagnostics.csproj", "{8F094168-2764-495B-AF6E-9C135AF04CDA}"
EndProject
Project("{FAE04EC0-301F-11D3-BF4B-00C04F79EFBC}") = "Haystack.Interception.Castle.Core", "Haystack.Interception.Castle.Core\Haystack.Interception.Castle.Core.csproj", "{F7FF30D3-AA8C-4DF9-AA03-B39B5A63A11B}"
EndProject
Project("{2150E333-8FDC-42A3-9474-1A3956D46DE8}") = "Interception", "Interception", "{87B13A0D-F857-4925-B05C-BE5D4D1D297C}"
EndProject
Project("{FAE04EC0-301F-11D3-BF4B-00C04F79EFBC}") = "Haystack.Interception.Unity_2_1_505", "Haystack.Interception.Unity_2_1_505\Haystack.Interception.Unity_2_1_505.csproj", "{94A29685-73D8-43A4-9EBD-50805E83622C}"
EndProject
Project("{FAE04EC0-301F-11D3-BF4B-00C04F79EFBC}") = "Haystack.Interception.Unity_2_1_505_2", "Haystack.Interception.Unity_2_1_505_2\Haystack.Interception.Unity_2_1_505_2.csproj", "{BE57247C-C2B9-4AF5-B2D7-B9072A3EF70F}"
EndProject
Project("{FAE04EC0-301F-11D3-BF4B-00C04F79EFBC}") = "Haystack.Interception.Unity_3_0_1304", "Haystack.Interception.Unity_3_0_1304\Haystack.Interception.Unity_3_0_1304.csproj", "{41939F1E-F9DE-442C-BCD1-1A75C8E864A3}"
EndProject
Project("{FAE04EC0-301F-11D3-BF4B-00C04F79EFBC}") = "Haystack.Interception.Unity_3_5_1304", "Haystack.Interception.Unity_3_5_1304\Haystack.Interception.Unity_3_5_1304.csproj", "{B48B9501-360E-4DA9-BF47-A2A7AD0D8448}"
EndProject
Project("{FAE04EC0-301F-11D3-BF4B-00C04F79EFBC}") = "Haystack.Interception.Unity_4_0_1", "Haystack.Interception.Unity_4_0_1\Haystack.Interception.Unity_4_0_1.csproj", "{DA39FC2D-747E-46F6-A16E-5F279C30CE42}"
EndProject
Project("{2150E333-8FDC-42A3-9474-1A3956D46DE8}") = "Runner", "Runner", "{F960922A-513D-4931-B94D-1AC20AD530D8}"
EndProject
Project("{2150E333-8FDC-42A3-9474-1A3956D46DE8}") = "Tests", "Tests", "{40F997F0-8D43-4A99-AA8E-080FDFCBD3E3}"
EndProject
Project("{FAE04EC0-301F-11D3-BF4B-00C04F79EFBC}") = "Haystack.Runner", "Haystack.Runner\Haystack.Runner.csproj", "{C2BF20B9-50FA-4EF9-B014-D825039D3018}"
EndProject
Project("{FAE04EC0-301F-11D3-BF4B-00C04F79EFBC}") = "Haystack.Runner.NUnit_2_6_2", "Haystack.Runner.NUnit_2_6_2\Haystack.Runner.NUnit_2_6_2.csproj", "{3C85EB48-E6D9-4DF4-8C83-4F95F44B586B}"
EndProject
Project("{FAE04EC0-301F-11D3-BF4B-00C04F79EFBC}") = "Haystack.Runner.NUnit_2_6_3", "Haystack.Runner.NUnit_2_6_3\Haystack.Runner.NUnit_2_6_3.csproj", "{D4100CE8-E803-4EF3-BD0B-86C8ABECE9F5}"
EndProject
Project("{FAE04EC0-301F-11D3-BF4B-00C04F79EFBC}") = "Haystack.Runner.NUnit_2_6_4", "Haystack.Runner.NUnit_2_6_4\Haystack.Runner.NUnit_2_6_4.csproj", "{BCCA2D90-FC1C-4BC8-887D-16BCEE27AC27}"
EndProject
Project("{FAE04EC0-301F-11D3-BF4B-00C04F79EFBC}") = "Haystack.Runner.NUnit_2_6_1", "Haystack.Runner.NUnit_2_6_1\Haystack.Runner.NUnit_2_6_1.csproj", "{4D5CFFA8-C4BC-451E-82B9-47AD4647400D}"
EndProject
Project("{FAE04EC0-301F-11D3-BF4B-00C04F79EFBC}") = "Haystack.Runner.NUnit_3_0_0", "Haystack.Runner.NUnit_3_0_0\Haystack.Runner.NUnit_3_0_0.csproj", "{36FF2646-7A6D-4436-A76A-7E3618DEA2AA}"
EndProject
Project("{FAE04EC0-301F-11D3-BF4B-00C04F79EFBC}") = "Haystack.Runner.NUnit_3_0_1", "Haystack.Runner.NUnit_3_0_1\Haystack.Runner.NUnit_3_0_1.csproj", "{9B69D2BF-F18D-4FA4-AEB0-E245BB26C2A1}"
EndProject
Project("{2150E333-8FDC-42A3-9474-1A3956D46DE8}") = "Interception", "Interception", "{157E85A4-36D9-4796-9334-77DB19C3C084}"
EndProject
Project("{FAE04EC0-301F-11D3-BF4B-00C04F79EFBC}") = "Haystack.Interception.Castle.Core.Tests", "Haystack.Interception.Castle.Core.Tests\Haystack.Interception.Castle.Core.Tests.csproj", "{318A1BD6-2BEE-47CB-9357-ED99F8954FEF}"
EndProject
Project("{FAE04EC0-301F-11D3-BF4B-00C04F79EFBC}") = "Haystack.Interception.Unity_2_1_505.Tests", "Haystack.Interception.Unity_2_1_505.Tests\Haystack.Interception.Unity_2_1_505.Tests.csproj", "{0196165C-EFD0-4431-B9E7-0A491F6DC478}"
EndProject
Project("{FAE04EC0-301F-11D3-BF4B-00C04F79EFBC}") = "Haystack.Interception.Unity_2_1_505_2.Tests", "Haystack.Interception.Unity_2_1_505_2.Tests\Haystack.Interception.Unity_2_1_505_2.Tests.csproj", "{519AAF4E-B646-4747-AE06-F00439E353F8}"
EndProject
Project("{FAE04EC0-301F-11D3-BF4B-00C04F79EFBC}") = "Haystack.Interception.Unity_3_0_1304.Tests", "Haystack.Interception.Unity_3_0_1304.Tests\Haystack.Interception.Unity_3_0_1304.Tests.csproj", "{194FA15C-D996-4F63-B577-DE3C4E78EEF9}"
EndProject
Project("{FAE04EC0-301F-11D3-BF4B-00C04F79EFBC}") = "Haystack.Interception.Unity_3_5_1304.Tests", "Haystack.Interception.Unity_3_5_1304.Tests\Haystack.Interception.Unity_3_5_1304.Tests.csproj", "{6FC45A7E-7A64-4A4C-9466-79B7FD8E218A}"
EndProject
Project("{FAE04EC0-301F-11D3-BF4B-00C04F79EFBC}") = "Haystack.Interception.Unity_4_0_1.Tests", "Haystack.Interception.Unity_4_0_1.Tests\Haystack.Interception.Unity_4_0_1.Tests.csproj", "{7DF5EC1F-0719-4CF9-95F9-9D29A48B9CC1}"
EndProject
Project("{FAE04EC0-301F-11D3-BF4B-00C04F79EFBC}") = "Haystack.Interception.Tests", "Haystack.Interception.Tests\Haystack.Interception.Tests.csproj", "{77E43FB4-CA70-45D0-A968-6AEA3719AB4A}"
EndProject
Project("{2150E333-8FDC-42A3-9474-1A3956D46DE8}") = "StaticAnalysis", "StaticAnalysis", "{D8B70B77-EC66-4DB5-87B2-9454B699B579}"
EndProject
Project("{2150E333-8FDC-42A3-9474-1A3956D46DE8}") = "SourceControl", "SourceControl", "{189AD125-963E-4E5A-B763-7F28E88856EE}"
EndProject
Project("{2150E333-8FDC-42A3-9474-1A3956D46DE8}") = "CodeCoverage", "CodeCoverage", "{401516F1-0BE7-4EA4-9AC8-00EF979FE187}"
EndProject
Project("{FAE04EC0-301F-11D3-BF4B-00C04F79EFBC}") = "Haystack.Analysis", "Haystack.Analysis\Haystack.Analysis.csproj", "{4A7B0200-7A29-44D2-85CE-DE48FCB47D6A}"
EndProject
Project("{FAE04EC0-301F-11D3-BF4B-00C04F79EFBC}") = "Haystack.Analysis.Tests", "Haystack.Analysis.Tests\Haystack.Analysis.Tests.csproj", "{F9A8B021-5E78-42B1-A1D7-D89330786721}"
EndProject
Project("{FAE04EC0-301F-11D3-BF4B-00C04F79EFBC}") = "Haystack.Amendments", "Haystack.Amendments\Haystack.Amendments.csproj", "{FF76E013-1F51-4972-95A7-2CBB1CC27269}"
EndProject
Project("{FAE04EC0-301F-11D3-BF4B-00C04F79EFBC}") = "Haystack.StaticAnalysis.FileSystem", "Haystack.StaticAnalysis.FileSystem\Haystack.StaticAnalysis.FileSystem.csproj", "{B55FCC18-90F1-47F8-B2E5-8B9CF0008B5A}"
EndProject
Project("{FAE04EC0-301F-11D3-BF4B-00C04F79EFBC}") = "Haystack.StaticAnalysis.FileContent", "Haystack.StaticAnalysis.FileContent\Haystack.StaticAnalysis.FileContent.csproj", "{D4DDB95D-F957-479B-A6B2-970E943FC944}"
EndProject
Project("{FAE04EC0-301F-11D3-BF4B-00C04F79EFBC}") = "Haystack.StaticAnalysis.EnvironmentVariables", "Haystack.StaticAnalysis.EnvironmentVariables\Haystack.StaticAnalysis.EnvironmentVariables.csproj", "{837BD2F8-9525-4F73-9EB4-A821684BFF11}"
EndProject
Project("{FAE04EC0-301F-11D3-BF4B-00C04F79EFBC}") = "Haystack.StaticAnalysis.Reflection", "Haystack.StaticAnalysis.Reflection\Haystack.StaticAnalysis.Reflection.csproj", "{DC6B62E8-52A4-4559-BE44-2CA8E819E3B2}"
EndProject
Project("{FAE04EC0-301F-11D3-BF4B-00C04F79EFBC}") = "Haystack.Amendments.Tests", "Haystack.Amendments.Tests\Haystack.Amendments.Tests.csproj", "{2A260DA6-7A43-43F9-B488-E17E0C0DEDF3}"
EndProject
Project("{FAE04EC0-301F-11D3-BF4B-00C04F79EFBC}") = "Haystack.Diagnostics.Tests", "Haystack.Diagnostics.Tests\Haystack.Diagnostics.Tests.csproj", "{2DD4DBED-891F-465D-855E-B5ABFCD24603}"
EndProject
Project("{2150E333-8FDC-42A3-9474-1A3956D46DE8}") = "Amendments", "Amendments", "{DBAF8655-4B80-44B5-AFA4-C4959CE016FB}"
EndProject
Project("{FAE04EC0-301F-11D3-BF4B-00C04F79EFBC}") = "Haystack.Interception.Castle.Windsor_3_3_0", "Haystack.Interception.Castle.Windsor_3_3_0\Haystack.Interception.Castle.Windsor_3_3_0.csproj", "{007FD10A-BE64-4AFD-A500-6E3724253171}"
EndProject
Project("{FAE04EC0-301F-11D3-BF4B-00C04F79EFBC}") = "Haystack.Interception.Autofac_3_5_2", "Haystack.Interception.Autofac_3_5_2\Haystack.Interception.Autofac_3_5_2.csproj", "{AFDB6143-A0C6-473E-911B-A2718C8F7D3E}"
EndProject
Project("{FAE04EC0-301F-11D3-BF4B-00C04F79EFBC}") = "Haystack.Interception.Autofac_3_5_2.Tests", "Haystack.Interception.Autofac_3_5_2.Tests\Haystack.Interception.Autofac_3_5_2.Tests.csproj", "{6A1BD004-65CE-404B-8D30-3CF14AF9054E}"
EndProject
Project("{FAE04EC0-301F-11D3-BF4B-00C04F79EFBC}") = "Haystack.Interception.Ninject_3_2_0", "Haystack.Interception.Ninject_3_2_0\Haystack.Interception.Ninject_3_2_0.csproj", "{796F4F40-6C51-4F61-9BA9-ED4B42A9E0AF}"
EndProject
Project("{FAE04EC0-301F-11D3-BF4B-00C04F79EFBC}") = "Haystack.Interception.Ninject_3_2_0.Tests", "Haystack.Interception.Ninject_3_2_0.Tests\Haystack.Interception.Ninject_3_2_0.Tests.csproj", "{67DDC6A6-1C2E-48A1-A8E3-3F6C96082397}"
EndProject
Project("{FAE04EC0-301F-11D3-BF4B-00C04F79EFBC}") = "Haystack.Interception.StructureMap_4_0_1_318", "Haystack.Interception.StructureMap_4_0_1_318\Haystack.Interception.StructureMap_4_0_1_318.csproj", "{090FACCC-1715-44E4-947D-200099767A8B}"
EndProject
Project("{FAE04EC0-301F-11D3-BF4B-00C04F79EFBC}") = "Haystack.Interception.StructureMap_4_0_1_318.Tests", "Haystack.Interception.StructureMap_4_0_1_318.Tests\Haystack.Interception.StructureMap_4_0_1_318.Tests.csproj", "{58F97F8F-7E6C-4441-A126-0B709D2B6635}"
EndProject
Project("{2150E333-8FDC-42A3-9474-1A3956D46DE8}") = "Amendments", "Amendments", "{D2E56CAE-A7DF-45FE-B5BF-81608E1696D8}"
EndProject
Project("{2150E333-8FDC-42A3-9474-1A3956D46DE8}") = "Analysis", "Analysis", "{E2BA4CAD-9914-4CC2-9273-F90C44238218}"
EndProject
Project("{FAE04EC0-301F-11D3-BF4B-00C04F79EFBC}") = "Haystack.Interception.Castle.Windsor_3_3_0.Tests", "Haystack.Interception.Castle.Windsor_3_3_0.Tests\Haystack.Interception.Castle.Windsor_3_3_0.Tests.csproj", "{9ABBDA86-4D28-4E5D-9A2B-8C26DDB1DA0B}"
EndProject
Project("{FAE04EC0-301F-11D3-BF4B-00C04F79EFBC}") = "Haystack.Amendments.Tests.TestTarget", "Haystack.Amendments.Tests.TestTarget\Haystack.Amendments.Tests.TestTarget.csproj", "{E8E6BBD9-90DB-4B75-AAD7-48E54C061A9B}"
EndProject
Project("{FAE04EC0-301F-11D3-BF4B-00C04F79EFBC}") = "Haystack.Amendments.Tests.Amendments", "Haystack.Amendments.Tests.Amendments\Haystack.Amendments.Tests.Amendments.csproj", "{D8E9C6C2-E585-44FB-BBF6-05187682AE67}"
EndProject
Project("{FAE04EC0-301F-11D3-BF4B-00C04F79EFBC}") = "Haystack.Amendments.Tests.TestRunner", "Haystack.Amendments.Tests.TestRunner\Haystack.Amendments.Tests.TestRunner.csproj", "{3BDAC78A-2092-42E0-A22D-7340894884AD}"
EndProject
Project("{FAE04EC0-301F-11D3-BF4B-00C04F79EFBC}") = "Haystack.Amendments.Tests.StrongNamedTestTarget", "Haystack.Amendments.Tests.StrongNamedTestTarget\Haystack.Amendments.Tests.StrongNamedTestTarget.csproj", "{1D923B6E-6301-4BAA-8F0C-CD775ADA4135}"
EndProject
Project("{FAE04EC0-301F-11D3-BF4B-00C04F79EFBC}") = "Haystack.Amendments.Tests.StrongNamedTestRunner", "Haystack.Amendments.Tests.StrongNamedTestRunner\Haystack.Amendments.Tests.StrongNamedTestRunner.csproj", "{C77A196C-A800-4225-A58C-B5D8A99E8D3E}"
EndProject
Project("{FAE04EC0-301F-11D3-BF4B-00C04F79EFBC}") = "Haystack.CodeCoverage.OpenCover", "Haystack.CodeCoverage.OpenCover\Haystack.CodeCoverage.OpenCover.csproj", "{99709CEA-FE34-4E63-9E24-B5C361699E12}"
EndProject
Project("{2150E333-8FDC-42A3-9474-1A3956D46DE8}") = "Runner", "Runner", "{23DEEA47-538C-4AB3-986B-785C218622DF}"
EndProject
Project("{2150E333-8FDC-42A3-9474-1A3956D46DE8}") = "SourceControl", "SourceControl", "{BC5CA7B6-E8A5-43FC-8D17-93902AA784E7}"
EndProject
Project("{2150E333-8FDC-42A3-9474-1A3956D46DE8}") = "StaticAnalysis", "StaticAnalysis", "{6861720B-3E38-462F-8BEE-33412006E469}"
EndProject
Project("{2150E333-8FDC-42A3-9474-1A3956D46DE8}") = "Analysis", "Analysis", "{0C774BAD-6A1D-4030-B18A-1E2764A62DCE}"
EndProject
Project("{FAE04EC0-301F-11D3-BF4B-00C04F79EFBC}") = "Haystack.SourceControl.Git", "Haystack.SourceControl.Git\Haystack.SourceControl.Git.csproj", "{1956BEA6-BE0B-4AE2-AB0E-59FBBE19619C}"
EndProject
Project("{FAE04EC0-301F-11D3-BF4B-00C04F79EFBC}") = "Haystack.Bootstrap", "Haystack.Bootstrap\Haystack.Bootstrap.csproj", "{C78E4BD0-5B9E-44A9-8DAF-4BE0731323FE}"
EndProject
Project("{2150E333-8FDC-42A3-9474-1A3956D46DE8}") = "Bootstrap", "Bootstrap", "{971DC597-B85F-48FD-A55F-F2915E4B23DF}"
EndProject
Project("{FAE04EC0-301F-11D3-BF4B-00C04F79EFBC}") = "Haystack.Core", "Haystack.Core\Haystack.Core.csproj", "{17D9BBD3-9567-45C7-84C1-3BA0A512F488}"
EndProject
Project("{2150E333-8FDC-42A3-9474-1A3956D46DE8}") = "Examples", "Examples", "{A6EE4FA3-5112-42B0-8323-07474D0EB196}"
EndProject
Project("{2150E333-8FDC-42A3-9474-1A3956D46DE8}") = "Amendments", "Amendments", "{D2873630-2589-4EC6-B2EB-8F46B1D8CD9B}"
EndProject
Project("{2150E333-8FDC-42A3-9474-1A3956D46DE8}") = "SimpleProperty", "SimpleProperty", "{BBBB4FF0-BF2F-4515-A812-E7C0B7CB7C9F}"
EndProject
Project("{FAE04EC0-301F-11D3-BF4B-00C04F79EFBC}") = "Haystack.Examples.PostBuildScript", "Haystack.Examples.PostBuildScript\Haystack.Examples.PostBuildScript.csproj", "{1766454C-3482-4010-86F8-C611AAA9B3D1}"
EndProject
Project("{FAE04EC0-301F-11D3-BF4B-00C04F79EFBC}") = "Haystack.Examples.Amendments.SimpleProperty", "Haystack.Examples.Amendments.SimpleProperty\Haystack.Examples.Amendments.SimpleProperty.csproj", "{F37356DB-39D5-48E2-AC5F-14235FD749B0}"
EndProject
Project("{FAE04EC0-301F-11D3-BF4B-00C04F79EFBC}") = "Haystack.Examples.Amendments.SimpleProperty.Tests.Passing", "Haystack.Examples.Amendments.SimpleProperty.Tests.Passing\Haystack.Examples.Amendments.SimpleProperty.Tests.Passing.csproj", "{8E5CC1D6-2696-4492-B77A-AFDF53850E35}"
EndProject
Project("{FAE04EC0-301F-11D3-BF4B-00C04F79EFBC}") = "Haystack.Examples.Amendments.SimpleProperty.Tests.Failing", "Haystack.Examples.Amendments.SimpleProperty.Tests.Failing\Haystack.Examples.Amendments.SimpleProperty.Tests.Failing.csproj", "{960ED9FD-0DD6-45DB-9987-43BD7FC6CD32}"
EndProject
Project("{2150E333-8FDC-42A3-9474-1A3956D46DE8}") = "Interception", "Interception", "{F77CEFD7-9231-495E-9CBA-7242F882B7C8}"
EndProject
Project("{2150E333-8FDC-42A3-9474-1A3956D46DE8}") = "CodeCoverage", "CodeCoverage", "{D42665EA-FA48-49CA-BC25-998ED9D960D3}"
EndProject
Project("{2150E333-8FDC-42A3-9474-1A3956D46DE8}") = "SourceControl", "SourceControl", "{00A0C030-0B65-4861-AB53-98EF02A47BD9}"
EndProject
Project("{2150E333-8FDC-42A3-9474-1A3956D46DE8}") = "StaticAnalysis", "StaticAnalysis", "{82FA6F4B-4103-45B8-AD50-BFA1C04AB622}"
EndProject
Project("{FAE04EC0-301F-11D3-BF4B-00C04F79EFBC}") = "Haystack.Runner.NUnit_2_6_1.Tests", "Haystack.Runner.NUnit_2_6_1.Tests\Haystack.Runner.NUnit_2_6_1.Tests.csproj", "{DCE8BE9F-39C9-4C9D-82DA-EF5CC547F122}"
EndProject
Project("{FAE04EC0-301F-11D3-BF4B-00C04F79EFBC}") = "Haystack.Runner.NUnit.Tests.TestIntegrations", "Haystack.Runner.NUnit.Tests.TestIntegrations\Haystack.Runner.NUnit.Tests.TestIntegrations.csproj", "{A097A417-6025-4D6C-9F16-287150FC243D}"
EndProject
Project("{FAE04EC0-301F-11D3-BF4B-00C04F79EFBC}") = "Haystack.Runner.TestRunner", "Haystack.Runner.TestRunner\Haystack.Runner.TestRunner.csproj", "{BD9398FA-033B-4FE0-90FE-E787524E1D6C}"
EndProject
Project("{FAE04EC0-301F-11D3-BF4B-00C04F79EFBC}") = "Haystack.Runner.NUnit_2_6_2.Tests", "Haystack.Runner.NUnit_2_6_2.Tests\Haystack.Runner.NUnit_2_6_2.Tests.csproj", "{B4E857A7-ECF5-426D-90EA-0AB6F2E8CC11}"
EndProject
Project("{FAE04EC0-301F-11D3-BF4B-00C04F79EFBC}") = "Haystack.Runner.NUnit_2_6_3.Tests", "Haystack.Runner.NUnit_2_6_3.Tests\Haystack.Runner.NUnit_2_6_3.Tests.csproj", "{BD366F3A-0E33-4DF4-866F-A037EF78A95B}"
EndProject
Project("{FAE04EC0-301F-11D3-BF4B-00C04F79EFBC}") = "Haystack.Runner.NUnit_2_6_4.Tests", "Haystack.Runner.NUnit_2_6_4.Tests\Haystack.Runner.NUnit_2_6_4.Tests.csproj", "{4BA277B3-BEE3-4C01-ACA0-DF9AF68991AE}"
EndProject
Project("{FAE04EC0-301F-11D3-BF4B-00C04F79EFBC}") = "Haystack.Runner.NUnit_3_0_0.Tests", "Haystack.Runner.NUnit_3_0_0.Tests\Haystack.Runner.NUnit_3_0_0.Tests.csproj", "{52BD8515-8121-4BED-917E-F9F86288418B}"
EndProject
Project("{FAE04EC0-301F-11D3-BF4B-00C04F79EFBC}") = "Haystack.Runner.NUnit_3_0_1.Tests", "Haystack.Runner.NUnit_3_0_1.Tests\Haystack.Runner.NUnit_3_0_1.Tests.csproj", "{B05EF27C-C178-4491-BEC8-3E9C07D16455}"
EndProject
Global
	GlobalSection(SolutionConfigurationPlatforms) = preSolution
		Debug|Any CPU = Debug|Any CPU
		Release|Any CPU = Release|Any CPU
	EndGlobalSection
	GlobalSection(ProjectConfigurationPlatforms) = postSolution
		{8F094168-2764-495B-AF6E-9C135AF04CDA}.Debug|Any CPU.ActiveCfg = Debug|Any CPU
		{8F094168-2764-495B-AF6E-9C135AF04CDA}.Debug|Any CPU.Build.0 = Debug|Any CPU
		{8F094168-2764-495B-AF6E-9C135AF04CDA}.Release|Any CPU.ActiveCfg = Release|Any CPU
		{8F094168-2764-495B-AF6E-9C135AF04CDA}.Release|Any CPU.Build.0 = Release|Any CPU
		{F7FF30D3-AA8C-4DF9-AA03-B39B5A63A11B}.Debug|Any CPU.ActiveCfg = Debug|Any CPU
		{F7FF30D3-AA8C-4DF9-AA03-B39B5A63A11B}.Debug|Any CPU.Build.0 = Debug|Any CPU
		{F7FF30D3-AA8C-4DF9-AA03-B39B5A63A11B}.Release|Any CPU.ActiveCfg = Release|Any CPU
		{F7FF30D3-AA8C-4DF9-AA03-B39B5A63A11B}.Release|Any CPU.Build.0 = Release|Any CPU
		{94A29685-73D8-43A4-9EBD-50805E83622C}.Debug|Any CPU.ActiveCfg = Debug|Any CPU
		{94A29685-73D8-43A4-9EBD-50805E83622C}.Debug|Any CPU.Build.0 = Debug|Any CPU
		{94A29685-73D8-43A4-9EBD-50805E83622C}.Release|Any CPU.ActiveCfg = Release|Any CPU
		{94A29685-73D8-43A4-9EBD-50805E83622C}.Release|Any CPU.Build.0 = Release|Any CPU
		{BE57247C-C2B9-4AF5-B2D7-B9072A3EF70F}.Debug|Any CPU.ActiveCfg = Debug|Any CPU
		{BE57247C-C2B9-4AF5-B2D7-B9072A3EF70F}.Debug|Any CPU.Build.0 = Debug|Any CPU
		{BE57247C-C2B9-4AF5-B2D7-B9072A3EF70F}.Release|Any CPU.ActiveCfg = Release|Any CPU
		{BE57247C-C2B9-4AF5-B2D7-B9072A3EF70F}.Release|Any CPU.Build.0 = Release|Any CPU
		{41939F1E-F9DE-442C-BCD1-1A75C8E864A3}.Debug|Any CPU.ActiveCfg = Debug|Any CPU
		{41939F1E-F9DE-442C-BCD1-1A75C8E864A3}.Debug|Any CPU.Build.0 = Debug|Any CPU
		{41939F1E-F9DE-442C-BCD1-1A75C8E864A3}.Release|Any CPU.ActiveCfg = Release|Any CPU
		{41939F1E-F9DE-442C-BCD1-1A75C8E864A3}.Release|Any CPU.Build.0 = Release|Any CPU
		{B48B9501-360E-4DA9-BF47-A2A7AD0D8448}.Debug|Any CPU.ActiveCfg = Debug|Any CPU
		{B48B9501-360E-4DA9-BF47-A2A7AD0D8448}.Debug|Any CPU.Build.0 = Debug|Any CPU
		{B48B9501-360E-4DA9-BF47-A2A7AD0D8448}.Release|Any CPU.ActiveCfg = Release|Any CPU
		{B48B9501-360E-4DA9-BF47-A2A7AD0D8448}.Release|Any CPU.Build.0 = Release|Any CPU
		{DA39FC2D-747E-46F6-A16E-5F279C30CE42}.Debug|Any CPU.ActiveCfg = Debug|Any CPU
		{DA39FC2D-747E-46F6-A16E-5F279C30CE42}.Debug|Any CPU.Build.0 = Debug|Any CPU
		{DA39FC2D-747E-46F6-A16E-5F279C30CE42}.Release|Any CPU.ActiveCfg = Release|Any CPU
		{DA39FC2D-747E-46F6-A16E-5F279C30CE42}.Release|Any CPU.Build.0 = Release|Any CPU
		{C2BF20B9-50FA-4EF9-B014-D825039D3018}.Debug|Any CPU.ActiveCfg = Debug|Any CPU
		{C2BF20B9-50FA-4EF9-B014-D825039D3018}.Debug|Any CPU.Build.0 = Debug|Any CPU
		{C2BF20B9-50FA-4EF9-B014-D825039D3018}.Release|Any CPU.ActiveCfg = Release|Any CPU
		{C2BF20B9-50FA-4EF9-B014-D825039D3018}.Release|Any CPU.Build.0 = Release|Any CPU
		{3C85EB48-E6D9-4DF4-8C83-4F95F44B586B}.Debug|Any CPU.ActiveCfg = Debug|Any CPU
		{3C85EB48-E6D9-4DF4-8C83-4F95F44B586B}.Debug|Any CPU.Build.0 = Debug|Any CPU
		{3C85EB48-E6D9-4DF4-8C83-4F95F44B586B}.Release|Any CPU.ActiveCfg = Release|Any CPU
		{3C85EB48-E6D9-4DF4-8C83-4F95F44B586B}.Release|Any CPU.Build.0 = Release|Any CPU
		{D4100CE8-E803-4EF3-BD0B-86C8ABECE9F5}.Debug|Any CPU.ActiveCfg = Debug|Any CPU
		{D4100CE8-E803-4EF3-BD0B-86C8ABECE9F5}.Debug|Any CPU.Build.0 = Debug|Any CPU
		{D4100CE8-E803-4EF3-BD0B-86C8ABECE9F5}.Release|Any CPU.ActiveCfg = Release|Any CPU
		{D4100CE8-E803-4EF3-BD0B-86C8ABECE9F5}.Release|Any CPU.Build.0 = Release|Any CPU
		{BCCA2D90-FC1C-4BC8-887D-16BCEE27AC27}.Debug|Any CPU.ActiveCfg = Debug|Any CPU
		{BCCA2D90-FC1C-4BC8-887D-16BCEE27AC27}.Debug|Any CPU.Build.0 = Debug|Any CPU
		{BCCA2D90-FC1C-4BC8-887D-16BCEE27AC27}.Release|Any CPU.ActiveCfg = Release|Any CPU
		{BCCA2D90-FC1C-4BC8-887D-16BCEE27AC27}.Release|Any CPU.Build.0 = Release|Any CPU
		{4D5CFFA8-C4BC-451E-82B9-47AD4647400D}.Debug|Any CPU.ActiveCfg = Debug|Any CPU
		{4D5CFFA8-C4BC-451E-82B9-47AD4647400D}.Debug|Any CPU.Build.0 = Debug|Any CPU
		{4D5CFFA8-C4BC-451E-82B9-47AD4647400D}.Release|Any CPU.ActiveCfg = Release|Any CPU
		{4D5CFFA8-C4BC-451E-82B9-47AD4647400D}.Release|Any CPU.Build.0 = Release|Any CPU
		{36FF2646-7A6D-4436-A76A-7E3618DEA2AA}.Debug|Any CPU.ActiveCfg = Debug|Any CPU
		{36FF2646-7A6D-4436-A76A-7E3618DEA2AA}.Debug|Any CPU.Build.0 = Debug|Any CPU
		{36FF2646-7A6D-4436-A76A-7E3618DEA2AA}.Release|Any CPU.ActiveCfg = Release|Any CPU
		{36FF2646-7A6D-4436-A76A-7E3618DEA2AA}.Release|Any CPU.Build.0 = Release|Any CPU
		{9B69D2BF-F18D-4FA4-AEB0-E245BB26C2A1}.Debug|Any CPU.ActiveCfg = Debug|Any CPU
		{9B69D2BF-F18D-4FA4-AEB0-E245BB26C2A1}.Debug|Any CPU.Build.0 = Debug|Any CPU
		{9B69D2BF-F18D-4FA4-AEB0-E245BB26C2A1}.Release|Any CPU.ActiveCfg = Release|Any CPU
		{9B69D2BF-F18D-4FA4-AEB0-E245BB26C2A1}.Release|Any CPU.Build.0 = Release|Any CPU
		{318A1BD6-2BEE-47CB-9357-ED99F8954FEF}.Debug|Any CPU.ActiveCfg = Debug|Any CPU
		{318A1BD6-2BEE-47CB-9357-ED99F8954FEF}.Debug|Any CPU.Build.0 = Debug|Any CPU
		{318A1BD6-2BEE-47CB-9357-ED99F8954FEF}.Release|Any CPU.ActiveCfg = Release|Any CPU
		{318A1BD6-2BEE-47CB-9357-ED99F8954FEF}.Release|Any CPU.Build.0 = Release|Any CPU
		{0196165C-EFD0-4431-B9E7-0A491F6DC478}.Debug|Any CPU.ActiveCfg = Debug|Any CPU
		{0196165C-EFD0-4431-B9E7-0A491F6DC478}.Debug|Any CPU.Build.0 = Debug|Any CPU
		{0196165C-EFD0-4431-B9E7-0A491F6DC478}.Release|Any CPU.ActiveCfg = Release|Any CPU
		{0196165C-EFD0-4431-B9E7-0A491F6DC478}.Release|Any CPU.Build.0 = Release|Any CPU
		{519AAF4E-B646-4747-AE06-F00439E353F8}.Debug|Any CPU.ActiveCfg = Debug|Any CPU
		{519AAF4E-B646-4747-AE06-F00439E353F8}.Debug|Any CPU.Build.0 = Debug|Any CPU
		{519AAF4E-B646-4747-AE06-F00439E353F8}.Release|Any CPU.ActiveCfg = Release|Any CPU
		{519AAF4E-B646-4747-AE06-F00439E353F8}.Release|Any CPU.Build.0 = Release|Any CPU
		{194FA15C-D996-4F63-B577-DE3C4E78EEF9}.Debug|Any CPU.ActiveCfg = Debug|Any CPU
		{194FA15C-D996-4F63-B577-DE3C4E78EEF9}.Debug|Any CPU.Build.0 = Debug|Any CPU
		{194FA15C-D996-4F63-B577-DE3C4E78EEF9}.Release|Any CPU.ActiveCfg = Release|Any CPU
		{194FA15C-D996-4F63-B577-DE3C4E78EEF9}.Release|Any CPU.Build.0 = Release|Any CPU
		{6FC45A7E-7A64-4A4C-9466-79B7FD8E218A}.Debug|Any CPU.ActiveCfg = Debug|Any CPU
		{6FC45A7E-7A64-4A4C-9466-79B7FD8E218A}.Debug|Any CPU.Build.0 = Debug|Any CPU
		{6FC45A7E-7A64-4A4C-9466-79B7FD8E218A}.Release|Any CPU.ActiveCfg = Release|Any CPU
		{6FC45A7E-7A64-4A4C-9466-79B7FD8E218A}.Release|Any CPU.Build.0 = Release|Any CPU
		{7DF5EC1F-0719-4CF9-95F9-9D29A48B9CC1}.Debug|Any CPU.ActiveCfg = Debug|Any CPU
		{7DF5EC1F-0719-4CF9-95F9-9D29A48B9CC1}.Debug|Any CPU.Build.0 = Debug|Any CPU
		{7DF5EC1F-0719-4CF9-95F9-9D29A48B9CC1}.Release|Any CPU.ActiveCfg = Release|Any CPU
		{7DF5EC1F-0719-4CF9-95F9-9D29A48B9CC1}.Release|Any CPU.Build.0 = Release|Any CPU
		{77E43FB4-CA70-45D0-A968-6AEA3719AB4A}.Debug|Any CPU.ActiveCfg = Debug|Any CPU
		{77E43FB4-CA70-45D0-A968-6AEA3719AB4A}.Debug|Any CPU.Build.0 = Debug|Any CPU
		{77E43FB4-CA70-45D0-A968-6AEA3719AB4A}.Release|Any CPU.ActiveCfg = Release|Any CPU
		{77E43FB4-CA70-45D0-A968-6AEA3719AB4A}.Release|Any CPU.Build.0 = Release|Any CPU
		{4A7B0200-7A29-44D2-85CE-DE48FCB47D6A}.Debug|Any CPU.ActiveCfg = Debug|Any CPU
		{4A7B0200-7A29-44D2-85CE-DE48FCB47D6A}.Debug|Any CPU.Build.0 = Debug|Any CPU
		{4A7B0200-7A29-44D2-85CE-DE48FCB47D6A}.Release|Any CPU.ActiveCfg = Release|Any CPU
		{4A7B0200-7A29-44D2-85CE-DE48FCB47D6A}.Release|Any CPU.Build.0 = Release|Any CPU
		{F9A8B021-5E78-42B1-A1D7-D89330786721}.Debug|Any CPU.ActiveCfg = Debug|Any CPU
		{F9A8B021-5E78-42B1-A1D7-D89330786721}.Debug|Any CPU.Build.0 = Debug|Any CPU
		{F9A8B021-5E78-42B1-A1D7-D89330786721}.Release|Any CPU.ActiveCfg = Release|Any CPU
		{F9A8B021-5E78-42B1-A1D7-D89330786721}.Release|Any CPU.Build.0 = Release|Any CPU
		{FF76E013-1F51-4972-95A7-2CBB1CC27269}.Debug|Any CPU.ActiveCfg = Debug|Any CPU
		{FF76E013-1F51-4972-95A7-2CBB1CC27269}.Debug|Any CPU.Build.0 = Debug|Any CPU
		{FF76E013-1F51-4972-95A7-2CBB1CC27269}.Release|Any CPU.ActiveCfg = Release|Any CPU
		{FF76E013-1F51-4972-95A7-2CBB1CC27269}.Release|Any CPU.Build.0 = Release|Any CPU
		{B55FCC18-90F1-47F8-B2E5-8B9CF0008B5A}.Debug|Any CPU.ActiveCfg = Debug|Any CPU
		{B55FCC18-90F1-47F8-B2E5-8B9CF0008B5A}.Debug|Any CPU.Build.0 = Debug|Any CPU
		{B55FCC18-90F1-47F8-B2E5-8B9CF0008B5A}.Release|Any CPU.ActiveCfg = Release|Any CPU
		{B55FCC18-90F1-47F8-B2E5-8B9CF0008B5A}.Release|Any CPU.Build.0 = Release|Any CPU
		{D4DDB95D-F957-479B-A6B2-970E943FC944}.Debug|Any CPU.ActiveCfg = Debug|Any CPU
		{D4DDB95D-F957-479B-A6B2-970E943FC944}.Debug|Any CPU.Build.0 = Debug|Any CPU
		{D4DDB95D-F957-479B-A6B2-970E943FC944}.Release|Any CPU.ActiveCfg = Release|Any CPU
		{D4DDB95D-F957-479B-A6B2-970E943FC944}.Release|Any CPU.Build.0 = Release|Any CPU
		{837BD2F8-9525-4F73-9EB4-A821684BFF11}.Debug|Any CPU.ActiveCfg = Debug|Any CPU
		{837BD2F8-9525-4F73-9EB4-A821684BFF11}.Debug|Any CPU.Build.0 = Debug|Any CPU
		{837BD2F8-9525-4F73-9EB4-A821684BFF11}.Release|Any CPU.ActiveCfg = Release|Any CPU
		{837BD2F8-9525-4F73-9EB4-A821684BFF11}.Release|Any CPU.Build.0 = Release|Any CPU
		{DC6B62E8-52A4-4559-BE44-2CA8E819E3B2}.Debug|Any CPU.ActiveCfg = Debug|Any CPU
		{DC6B62E8-52A4-4559-BE44-2CA8E819E3B2}.Debug|Any CPU.Build.0 = Debug|Any CPU
		{DC6B62E8-52A4-4559-BE44-2CA8E819E3B2}.Release|Any CPU.ActiveCfg = Release|Any CPU
		{DC6B62E8-52A4-4559-BE44-2CA8E819E3B2}.Release|Any CPU.Build.0 = Release|Any CPU
		{2A260DA6-7A43-43F9-B488-E17E0C0DEDF3}.Debug|Any CPU.ActiveCfg = Debug|Any CPU
		{2A260DA6-7A43-43F9-B488-E17E0C0DEDF3}.Debug|Any CPU.Build.0 = Debug|Any CPU
		{2A260DA6-7A43-43F9-B488-E17E0C0DEDF3}.Release|Any CPU.ActiveCfg = Release|Any CPU
		{2A260DA6-7A43-43F9-B488-E17E0C0DEDF3}.Release|Any CPU.Build.0 = Release|Any CPU
		{2DD4DBED-891F-465D-855E-B5ABFCD24603}.Debug|Any CPU.ActiveCfg = Debug|Any CPU
		{2DD4DBED-891F-465D-855E-B5ABFCD24603}.Debug|Any CPU.Build.0 = Debug|Any CPU
		{2DD4DBED-891F-465D-855E-B5ABFCD24603}.Release|Any CPU.ActiveCfg = Release|Any CPU
		{2DD4DBED-891F-465D-855E-B5ABFCD24603}.Release|Any CPU.Build.0 = Release|Any CPU
		{007FD10A-BE64-4AFD-A500-6E3724253171}.Debug|Any CPU.ActiveCfg = Debug|Any CPU
		{007FD10A-BE64-4AFD-A500-6E3724253171}.Debug|Any CPU.Build.0 = Debug|Any CPU
		{007FD10A-BE64-4AFD-A500-6E3724253171}.Release|Any CPU.ActiveCfg = Release|Any CPU
		{007FD10A-BE64-4AFD-A500-6E3724253171}.Release|Any CPU.Build.0 = Release|Any CPU
		{AFDB6143-A0C6-473E-911B-A2718C8F7D3E}.Debug|Any CPU.ActiveCfg = Debug|Any CPU
		{AFDB6143-A0C6-473E-911B-A2718C8F7D3E}.Debug|Any CPU.Build.0 = Debug|Any CPU
		{AFDB6143-A0C6-473E-911B-A2718C8F7D3E}.Release|Any CPU.ActiveCfg = Release|Any CPU
		{AFDB6143-A0C6-473E-911B-A2718C8F7D3E}.Release|Any CPU.Build.0 = Release|Any CPU
		{6A1BD004-65CE-404B-8D30-3CF14AF9054E}.Debug|Any CPU.ActiveCfg = Debug|Any CPU
		{6A1BD004-65CE-404B-8D30-3CF14AF9054E}.Debug|Any CPU.Build.0 = Debug|Any CPU
		{6A1BD004-65CE-404B-8D30-3CF14AF9054E}.Release|Any CPU.ActiveCfg = Release|Any CPU
		{6A1BD004-65CE-404B-8D30-3CF14AF9054E}.Release|Any CPU.Build.0 = Release|Any CPU
		{796F4F40-6C51-4F61-9BA9-ED4B42A9E0AF}.Debug|Any CPU.ActiveCfg = Debug|Any CPU
		{796F4F40-6C51-4F61-9BA9-ED4B42A9E0AF}.Debug|Any CPU.Build.0 = Debug|Any CPU
		{796F4F40-6C51-4F61-9BA9-ED4B42A9E0AF}.Release|Any CPU.ActiveCfg = Release|Any CPU
		{796F4F40-6C51-4F61-9BA9-ED4B42A9E0AF}.Release|Any CPU.Build.0 = Release|Any CPU
		{67DDC6A6-1C2E-48A1-A8E3-3F6C96082397}.Debug|Any CPU.ActiveCfg = Debug|Any CPU
		{67DDC6A6-1C2E-48A1-A8E3-3F6C96082397}.Debug|Any CPU.Build.0 = Debug|Any CPU
		{67DDC6A6-1C2E-48A1-A8E3-3F6C96082397}.Release|Any CPU.ActiveCfg = Release|Any CPU
		{67DDC6A6-1C2E-48A1-A8E3-3F6C96082397}.Release|Any CPU.Build.0 = Release|Any CPU
		{090FACCC-1715-44E4-947D-200099767A8B}.Debug|Any CPU.ActiveCfg = Debug|Any CPU
		{090FACCC-1715-44E4-947D-200099767A8B}.Debug|Any CPU.Build.0 = Debug|Any CPU
		{090FACCC-1715-44E4-947D-200099767A8B}.Release|Any CPU.ActiveCfg = Release|Any CPU
		{090FACCC-1715-44E4-947D-200099767A8B}.Release|Any CPU.Build.0 = Release|Any CPU
		{58F97F8F-7E6C-4441-A126-0B709D2B6635}.Debug|Any CPU.ActiveCfg = Debug|Any CPU
		{58F97F8F-7E6C-4441-A126-0B709D2B6635}.Debug|Any CPU.Build.0 = Debug|Any CPU
		{58F97F8F-7E6C-4441-A126-0B709D2B6635}.Release|Any CPU.ActiveCfg = Release|Any CPU
		{58F97F8F-7E6C-4441-A126-0B709D2B6635}.Release|Any CPU.Build.0 = Release|Any CPU
		{9ABBDA86-4D28-4E5D-9A2B-8C26DDB1DA0B}.Debug|Any CPU.ActiveCfg = Debug|Any CPU
		{9ABBDA86-4D28-4E5D-9A2B-8C26DDB1DA0B}.Debug|Any CPU.Build.0 = Debug|Any CPU
		{9ABBDA86-4D28-4E5D-9A2B-8C26DDB1DA0B}.Release|Any CPU.ActiveCfg = Release|Any CPU
		{9ABBDA86-4D28-4E5D-9A2B-8C26DDB1DA0B}.Release|Any CPU.Build.0 = Release|Any CPU
		{E8E6BBD9-90DB-4B75-AAD7-48E54C061A9B}.Debug|Any CPU.ActiveCfg = Debug|Any CPU
		{E8E6BBD9-90DB-4B75-AAD7-48E54C061A9B}.Debug|Any CPU.Build.0 = Debug|Any CPU
		{E8E6BBD9-90DB-4B75-AAD7-48E54C061A9B}.Release|Any CPU.ActiveCfg = Release|Any CPU
		{E8E6BBD9-90DB-4B75-AAD7-48E54C061A9B}.Release|Any CPU.Build.0 = Release|Any CPU
		{D8E9C6C2-E585-44FB-BBF6-05187682AE67}.Debug|Any CPU.ActiveCfg = Debug|Any CPU
		{D8E9C6C2-E585-44FB-BBF6-05187682AE67}.Debug|Any CPU.Build.0 = Debug|Any CPU
		{D8E9C6C2-E585-44FB-BBF6-05187682AE67}.Release|Any CPU.ActiveCfg = Release|Any CPU
		{D8E9C6C2-E585-44FB-BBF6-05187682AE67}.Release|Any CPU.Build.0 = Release|Any CPU
		{3BDAC78A-2092-42E0-A22D-7340894884AD}.Debug|Any CPU.ActiveCfg = Debug|Any CPU
		{3BDAC78A-2092-42E0-A22D-7340894884AD}.Debug|Any CPU.Build.0 = Debug|Any CPU
		{3BDAC78A-2092-42E0-A22D-7340894884AD}.Release|Any CPU.ActiveCfg = Release|Any CPU
		{3BDAC78A-2092-42E0-A22D-7340894884AD}.Release|Any CPU.Build.0 = Release|Any CPU
		{1D923B6E-6301-4BAA-8F0C-CD775ADA4135}.Debug|Any CPU.ActiveCfg = Debug|Any CPU
		{1D923B6E-6301-4BAA-8F0C-CD775ADA4135}.Debug|Any CPU.Build.0 = Debug|Any CPU
		{1D923B6E-6301-4BAA-8F0C-CD775ADA4135}.Release|Any CPU.ActiveCfg = Release|Any CPU
		{1D923B6E-6301-4BAA-8F0C-CD775ADA4135}.Release|Any CPU.Build.0 = Release|Any CPU
		{C77A196C-A800-4225-A58C-B5D8A99E8D3E}.Debug|Any CPU.ActiveCfg = Debug|Any CPU
		{C77A196C-A800-4225-A58C-B5D8A99E8D3E}.Debug|Any CPU.Build.0 = Debug|Any CPU
		{C77A196C-A800-4225-A58C-B5D8A99E8D3E}.Release|Any CPU.ActiveCfg = Release|Any CPU
		{C77A196C-A800-4225-A58C-B5D8A99E8D3E}.Release|Any CPU.Build.0 = Release|Any CPU
		{99709CEA-FE34-4E63-9E24-B5C361699E12}.Debug|Any CPU.ActiveCfg = Debug|Any CPU
		{99709CEA-FE34-4E63-9E24-B5C361699E12}.Debug|Any CPU.Build.0 = Debug|Any CPU
		{99709CEA-FE34-4E63-9E24-B5C361699E12}.Release|Any CPU.ActiveCfg = Release|Any CPU
		{99709CEA-FE34-4E63-9E24-B5C361699E12}.Release|Any CPU.Build.0 = Release|Any CPU
		{1956BEA6-BE0B-4AE2-AB0E-59FBBE19619C}.Debug|Any CPU.ActiveCfg = Debug|Any CPU
		{1956BEA6-BE0B-4AE2-AB0E-59FBBE19619C}.Debug|Any CPU.Build.0 = Debug|Any CPU
		{1956BEA6-BE0B-4AE2-AB0E-59FBBE19619C}.Release|Any CPU.ActiveCfg = Release|Any CPU
		{1956BEA6-BE0B-4AE2-AB0E-59FBBE19619C}.Release|Any CPU.Build.0 = Release|Any CPU
		{C78E4BD0-5B9E-44A9-8DAF-4BE0731323FE}.Debug|Any CPU.ActiveCfg = Debug|Any CPU
		{C78E4BD0-5B9E-44A9-8DAF-4BE0731323FE}.Debug|Any CPU.Build.0 = Debug|Any CPU
		{C78E4BD0-5B9E-44A9-8DAF-4BE0731323FE}.Release|Any CPU.ActiveCfg = Release|Any CPU
		{C78E4BD0-5B9E-44A9-8DAF-4BE0731323FE}.Release|Any CPU.Build.0 = Release|Any CPU
		{17D9BBD3-9567-45C7-84C1-3BA0A512F488}.Debug|Any CPU.ActiveCfg = Debug|Any CPU
		{17D9BBD3-9567-45C7-84C1-3BA0A512F488}.Debug|Any CPU.Build.0 = Debug|Any CPU
		{17D9BBD3-9567-45C7-84C1-3BA0A512F488}.Release|Any CPU.ActiveCfg = Release|Any CPU
		{17D9BBD3-9567-45C7-84C1-3BA0A512F488}.Release|Any CPU.Build.0 = Release|Any CPU
		{1766454C-3482-4010-86F8-C611AAA9B3D1}.Debug|Any CPU.ActiveCfg = Debug|Any CPU
		{1766454C-3482-4010-86F8-C611AAA9B3D1}.Debug|Any CPU.Build.0 = Debug|Any CPU
		{1766454C-3482-4010-86F8-C611AAA9B3D1}.Release|Any CPU.ActiveCfg = Release|Any CPU
		{1766454C-3482-4010-86F8-C611AAA9B3D1}.Release|Any CPU.Build.0 = Release|Any CPU
		{F37356DB-39D5-48E2-AC5F-14235FD749B0}.Debug|Any CPU.ActiveCfg = Debug|Any CPU
		{F37356DB-39D5-48E2-AC5F-14235FD749B0}.Debug|Any CPU.Build.0 = Debug|Any CPU
		{F37356DB-39D5-48E2-AC5F-14235FD749B0}.Release|Any CPU.ActiveCfg = Release|Any CPU
		{F37356DB-39D5-48E2-AC5F-14235FD749B0}.Release|Any CPU.Build.0 = Release|Any CPU
		{8E5CC1D6-2696-4492-B77A-AFDF53850E35}.Debug|Any CPU.ActiveCfg = Debug|Any CPU
		{8E5CC1D6-2696-4492-B77A-AFDF53850E35}.Debug|Any CPU.Build.0 = Debug|Any CPU
		{8E5CC1D6-2696-4492-B77A-AFDF53850E35}.Release|Any CPU.ActiveCfg = Release|Any CPU
		{8E5CC1D6-2696-4492-B77A-AFDF53850E35}.Release|Any CPU.Build.0 = Release|Any CPU
		{960ED9FD-0DD6-45DB-9987-43BD7FC6CD32}.Debug|Any CPU.ActiveCfg = Debug|Any CPU
		{960ED9FD-0DD6-45DB-9987-43BD7FC6CD32}.Debug|Any CPU.Build.0 = Debug|Any CPU
		{960ED9FD-0DD6-45DB-9987-43BD7FC6CD32}.Release|Any CPU.ActiveCfg = Release|Any CPU
		{960ED9FD-0DD6-45DB-9987-43BD7FC6CD32}.Release|Any CPU.Build.0 = Release|Any CPU
		{DCE8BE9F-39C9-4C9D-82DA-EF5CC547F122}.Debug|Any CPU.ActiveCfg = Debug|Any CPU
		{DCE8BE9F-39C9-4C9D-82DA-EF5CC547F122}.Debug|Any CPU.Build.0 = Debug|Any CPU
		{DCE8BE9F-39C9-4C9D-82DA-EF5CC547F122}.Release|Any CPU.ActiveCfg = Release|Any CPU
		{DCE8BE9F-39C9-4C9D-82DA-EF5CC547F122}.Release|Any CPU.Build.0 = Release|Any CPU
		{A097A417-6025-4D6C-9F16-287150FC243D}.Debug|Any CPU.ActiveCfg = Debug|Any CPU
		{A097A417-6025-4D6C-9F16-287150FC243D}.Debug|Any CPU.Build.0 = Debug|Any CPU
		{A097A417-6025-4D6C-9F16-287150FC243D}.Release|Any CPU.ActiveCfg = Release|Any CPU
		{A097A417-6025-4D6C-9F16-287150FC243D}.Release|Any CPU.Build.0 = Release|Any CPU
		{BD9398FA-033B-4FE0-90FE-E787524E1D6C}.Debug|Any CPU.ActiveCfg = Debug|Any CPU
		{BD9398FA-033B-4FE0-90FE-E787524E1D6C}.Debug|Any CPU.Build.0 = Debug|Any CPU
		{BD9398FA-033B-4FE0-90FE-E787524E1D6C}.Release|Any CPU.ActiveCfg = Release|Any CPU
		{BD9398FA-033B-4FE0-90FE-E787524E1D6C}.Release|Any CPU.Build.0 = Release|Any CPU
		{B4E857A7-ECF5-426D-90EA-0AB6F2E8CC11}.Debug|Any CPU.ActiveCfg = Debug|Any CPU
		{B4E857A7-ECF5-426D-90EA-0AB6F2E8CC11}.Debug|Any CPU.Build.0 = Debug|Any CPU
		{B4E857A7-ECF5-426D-90EA-0AB6F2E8CC11}.Release|Any CPU.ActiveCfg = Release|Any CPU
		{B4E857A7-ECF5-426D-90EA-0AB6F2E8CC11}.Release|Any CPU.Build.0 = Release|Any CPU
		{BD366F3A-0E33-4DF4-866F-A037EF78A95B}.Debug|Any CPU.ActiveCfg = Debug|Any CPU
		{BD366F3A-0E33-4DF4-866F-A037EF78A95B}.Debug|Any CPU.Build.0 = Debug|Any CPU
		{BD366F3A-0E33-4DF4-866F-A037EF78A95B}.Release|Any CPU.ActiveCfg = Release|Any CPU
		{BD366F3A-0E33-4DF4-866F-A037EF78A95B}.Release|Any CPU.Build.0 = Release|Any CPU
		{4BA277B3-BEE3-4C01-ACA0-DF9AF68991AE}.Debug|Any CPU.ActiveCfg = Debug|Any CPU
		{4BA277B3-BEE3-4C01-ACA0-DF9AF68991AE}.Debug|Any CPU.Build.0 = Debug|Any CPU
		{4BA277B3-BEE3-4C01-ACA0-DF9AF68991AE}.Release|Any CPU.ActiveCfg = Release|Any CPU
		{4BA277B3-BEE3-4C01-ACA0-DF9AF68991AE}.Release|Any CPU.Build.0 = Release|Any CPU
		{52BD8515-8121-4BED-917E-F9F86288418B}.Debug|Any CPU.ActiveCfg = Debug|Any CPU
		{52BD8515-8121-4BED-917E-F9F86288418B}.Debug|Any CPU.Build.0 = Debug|Any CPU
		{52BD8515-8121-4BED-917E-F9F86288418B}.Release|Any CPU.ActiveCfg = Release|Any CPU
		{52BD8515-8121-4BED-917E-F9F86288418B}.Release|Any CPU.Build.0 = Release|Any CPU
		{B05EF27C-C178-4491-BEC8-3E9C07D16455}.Debug|Any CPU.ActiveCfg = Debug|Any CPU
		{B05EF27C-C178-4491-BEC8-3E9C07D16455}.Debug|Any CPU.Build.0 = Debug|Any CPU
		{B05EF27C-C178-4491-BEC8-3E9C07D16455}.Release|Any CPU.ActiveCfg = Release|Any CPU
		{B05EF27C-C178-4491-BEC8-3E9C07D16455}.Release|Any CPU.Build.0 = Release|Any CPU
	EndGlobalSection
	GlobalSection(SolutionProperties) = preSolution
		HideSolutionNode = FALSE
	EndGlobalSection
	GlobalSection(NestedProjects) = preSolution
		{F7FF30D3-AA8C-4DF9-AA03-B39B5A63A11B} = {87B13A0D-F857-4925-B05C-BE5D4D1D297C}
		{94A29685-73D8-43A4-9EBD-50805E83622C} = {87B13A0D-F857-4925-B05C-BE5D4D1D297C}
		{BE57247C-C2B9-4AF5-B2D7-B9072A3EF70F} = {87B13A0D-F857-4925-B05C-BE5D4D1D297C}
		{41939F1E-F9DE-442C-BCD1-1A75C8E864A3} = {87B13A0D-F857-4925-B05C-BE5D4D1D297C}
		{B48B9501-360E-4DA9-BF47-A2A7AD0D8448} = {87B13A0D-F857-4925-B05C-BE5D4D1D297C}
		{DA39FC2D-747E-46F6-A16E-5F279C30CE42} = {87B13A0D-F857-4925-B05C-BE5D4D1D297C}
		{C2BF20B9-50FA-4EF9-B014-D825039D3018} = {F960922A-513D-4931-B94D-1AC20AD530D8}
		{3C85EB48-E6D9-4DF4-8C83-4F95F44B586B} = {F960922A-513D-4931-B94D-1AC20AD530D8}
		{D4100CE8-E803-4EF3-BD0B-86C8ABECE9F5} = {F960922A-513D-4931-B94D-1AC20AD530D8}
		{BCCA2D90-FC1C-4BC8-887D-16BCEE27AC27} = {F960922A-513D-4931-B94D-1AC20AD530D8}
		{4D5CFFA8-C4BC-451E-82B9-47AD4647400D} = {F960922A-513D-4931-B94D-1AC20AD530D8}
		{36FF2646-7A6D-4436-A76A-7E3618DEA2AA} = {F960922A-513D-4931-B94D-1AC20AD530D8}
		{9B69D2BF-F18D-4FA4-AEB0-E245BB26C2A1} = {F960922A-513D-4931-B94D-1AC20AD530D8}
		{157E85A4-36D9-4796-9334-77DB19C3C084} = {40F997F0-8D43-4A99-AA8E-080FDFCBD3E3}
		{318A1BD6-2BEE-47CB-9357-ED99F8954FEF} = {157E85A4-36D9-4796-9334-77DB19C3C084}
		{0196165C-EFD0-4431-B9E7-0A491F6DC478} = {157E85A4-36D9-4796-9334-77DB19C3C084}
		{519AAF4E-B646-4747-AE06-F00439E353F8} = {157E85A4-36D9-4796-9334-77DB19C3C084}
		{194FA15C-D996-4F63-B577-DE3C4E78EEF9} = {157E85A4-36D9-4796-9334-77DB19C3C084}
		{6FC45A7E-7A64-4A4C-9466-79B7FD8E218A} = {157E85A4-36D9-4796-9334-77DB19C3C084}
		{7DF5EC1F-0719-4CF9-95F9-9D29A48B9CC1} = {157E85A4-36D9-4796-9334-77DB19C3C084}
		{77E43FB4-CA70-45D0-A968-6AEA3719AB4A} = {157E85A4-36D9-4796-9334-77DB19C3C084}
		{4A7B0200-7A29-44D2-85CE-DE48FCB47D6A} = {E2BA4CAD-9914-4CC2-9273-F90C44238218}
		{F9A8B021-5E78-42B1-A1D7-D89330786721} = {0C774BAD-6A1D-4030-B18A-1E2764A62DCE}
		{FF76E013-1F51-4972-95A7-2CBB1CC27269} = {DBAF8655-4B80-44B5-AFA4-C4959CE016FB}
		{B55FCC18-90F1-47F8-B2E5-8B9CF0008B5A} = {D8B70B77-EC66-4DB5-87B2-9454B699B579}
		{D4DDB95D-F957-479B-A6B2-970E943FC944} = {D8B70B77-EC66-4DB5-87B2-9454B699B579}
		{837BD2F8-9525-4F73-9EB4-A821684BFF11} = {D8B70B77-EC66-4DB5-87B2-9454B699B579}
		{DC6B62E8-52A4-4559-BE44-2CA8E819E3B2} = {D8B70B77-EC66-4DB5-87B2-9454B699B579}
		{2A260DA6-7A43-43F9-B488-E17E0C0DEDF3} = {D2E56CAE-A7DF-45FE-B5BF-81608E1696D8}
		{2DD4DBED-891F-465D-855E-B5ABFCD24603} = {40F997F0-8D43-4A99-AA8E-080FDFCBD3E3}
		{007FD10A-BE64-4AFD-A500-6E3724253171} = {87B13A0D-F857-4925-B05C-BE5D4D1D297C}
		{AFDB6143-A0C6-473E-911B-A2718C8F7D3E} = {87B13A0D-F857-4925-B05C-BE5D4D1D297C}
		{6A1BD004-65CE-404B-8D30-3CF14AF9054E} = {157E85A4-36D9-4796-9334-77DB19C3C084}
		{796F4F40-6C51-4F61-9BA9-ED4B42A9E0AF} = {87B13A0D-F857-4925-B05C-BE5D4D1D297C}
		{67DDC6A6-1C2E-48A1-A8E3-3F6C96082397} = {157E85A4-36D9-4796-9334-77DB19C3C084}
		{090FACCC-1715-44E4-947D-200099767A8B} = {87B13A0D-F857-4925-B05C-BE5D4D1D297C}
		{58F97F8F-7E6C-4441-A126-0B709D2B6635} = {157E85A4-36D9-4796-9334-77DB19C3C084}
		{D2E56CAE-A7DF-45FE-B5BF-81608E1696D8} = {40F997F0-8D43-4A99-AA8E-080FDFCBD3E3}
		{9ABBDA86-4D28-4E5D-9A2B-8C26DDB1DA0B} = {157E85A4-36D9-4796-9334-77DB19C3C084}
		{E8E6BBD9-90DB-4B75-AAD7-48E54C061A9B} = {D2E56CAE-A7DF-45FE-B5BF-81608E1696D8}
		{D8E9C6C2-E585-44FB-BBF6-05187682AE67} = {D2E56CAE-A7DF-45FE-B5BF-81608E1696D8}
		{3BDAC78A-2092-42E0-A22D-7340894884AD} = {D2E56CAE-A7DF-45FE-B5BF-81608E1696D8}
		{1D923B6E-6301-4BAA-8F0C-CD775ADA4135} = {D2E56CAE-A7DF-45FE-B5BF-81608E1696D8}
		{C77A196C-A800-4225-A58C-B5D8A99E8D3E} = {D2E56CAE-A7DF-45FE-B5BF-81608E1696D8}
		{99709CEA-FE34-4E63-9E24-B5C361699E12} = {401516F1-0BE7-4EA4-9AC8-00EF979FE187}
		{23DEEA47-538C-4AB3-986B-785C218622DF} = {40F997F0-8D43-4A99-AA8E-080FDFCBD3E3}
		{BC5CA7B6-E8A5-43FC-8D17-93902AA784E7} = {40F997F0-8D43-4A99-AA8E-080FDFCBD3E3}
		{6861720B-3E38-462F-8BEE-33412006E469} = {40F997F0-8D43-4A99-AA8E-080FDFCBD3E3}
		{0C774BAD-6A1D-4030-B18A-1E2764A62DCE} = {40F997F0-8D43-4A99-AA8E-080FDFCBD3E3}
		{1956BEA6-BE0B-4AE2-AB0E-59FBBE19619C} = {189AD125-963E-4E5A-B763-7F28E88856EE}
		{C78E4BD0-5B9E-44A9-8DAF-4BE0731323FE} = {971DC597-B85F-48FD-A55F-F2915E4B23DF}
		{D2873630-2589-4EC6-B2EB-8F46B1D8CD9B} = {A6EE4FA3-5112-42B0-8323-07474D0EB196}
		{BBBB4FF0-BF2F-4515-A812-E7C0B7CB7C9F} = {D2873630-2589-4EC6-B2EB-8F46B1D8CD9B}
		{1766454C-3482-4010-86F8-C611AAA9B3D1} = {A6EE4FA3-5112-42B0-8323-07474D0EB196}
		{F37356DB-39D5-48E2-AC5F-14235FD749B0} = {BBBB4FF0-BF2F-4515-A812-E7C0B7CB7C9F}
		{8E5CC1D6-2696-4492-B77A-AFDF53850E35} = {BBBB4FF0-BF2F-4515-A812-E7C0B7CB7C9F}
		{960ED9FD-0DD6-45DB-9987-43BD7FC6CD32} = {BBBB4FF0-BF2F-4515-A812-E7C0B7CB7C9F}
		{F77CEFD7-9231-495E-9CBA-7242F882B7C8} = {A6EE4FA3-5112-42B0-8323-07474D0EB196}
		{D42665EA-FA48-49CA-BC25-998ED9D960D3} = {A6EE4FA3-5112-42B0-8323-07474D0EB196}
		{00A0C030-0B65-4861-AB53-98EF02A47BD9} = {A6EE4FA3-5112-42B0-8323-07474D0EB196}
		{82FA6F4B-4103-45B8-AD50-BFA1C04AB622} = {A6EE4FA3-5112-42B0-8323-07474D0EB196}
		{DCE8BE9F-39C9-4C9D-82DA-EF5CC547F122} = {23DEEA47-538C-4AB3-986B-785C218622DF}
		{A097A417-6025-4D6C-9F16-287150FC243D} = {23DEEA47-538C-4AB3-986B-785C218622DF}
		{BD9398FA-033B-4FE0-90FE-E787524E1D6C} = {23DEEA47-538C-4AB3-986B-785C218622DF}
		{B4E857A7-ECF5-426D-90EA-0AB6F2E8CC11} = {23DEEA47-538C-4AB3-986B-785C218622DF}
		{BD366F3A-0E33-4DF4-866F-A037EF78A95B} = {23DEEA47-538C-4AB3-986B-785C218622DF}
		{4BA277B3-BEE3-4C01-ACA0-DF9AF68991AE} = {23DEEA47-538C-4AB3-986B-785C218622DF}
		{52BD8515-8121-4BED-917E-F9F86288418B} = {23DEEA47-538C-4AB3-986B-785C218622DF}
		{B05EF27C-C178-4491-BEC8-3E9C07D16455} = {23DEEA47-538C-4AB3-986B-785C218622DF}
	EndGlobalSection
	GlobalSection(ExtensibilityGlobals) = postSolution
		EnterpriseLibraryConfigurationToolBinariesPath = packages\Unity.2.1.505.0\lib\NET35;packages\Unity.Interception.2.1.505.0\lib\NET35;packages\Unity.Interception.2.1.505.2\lib\NET35;packages\Unity.2.1.505.2\lib\NET35
	EndGlobalSection
EndGlobal
