
Microsoft Visual Studio Solution File, Format Version 12.00
# Visual Studio 14
VisualStudioVersion = 14.0.24720.0
MinimumVisualStudioVersion = 10.0.40219.1
Project("{FAE04EC0-301F-11D3-BF4B-00C04F79EFBC}") = "Haystack.Diagnostics", "Haystack.Diagnostics\Haystack.Diagnostics.csproj", "{8F094168-2764-495B-AF6E-9C135AF04CDA}"
EndProject
Project("{FAE04EC0-301F-11D3-BF4B-00C04F79EFBC}") = "Haystack.Interception.Castle.Core", "Haystack.Interception.Castle.Core\Haystack.Interception.Castle.Core.csproj", "{F7FF30D3-AA8C-4DF9-AA03-B39B5A63A11B}"
EndProject
Project("{2150E333-8FDC-42A3-9474-1A3956D46DE8}") = "Interception", "Interception", "{87B13A0D-F857-4925-B05C-BE5D4D1D297C}"
EndProject
Project("{FAE04EC0-301F-11D3-BF4B-00C04F79EFBC}") = "Haystack.Interception.Unity_2_1_505", "Haystack.Interception.Unity_2_1_505\Haystack.Interception.Unity_2_1_505.csproj", "{94A29685-73D8-43A4-9EBD-50805E83622C}"
EndProject
Project("{FAE04EC0-301F-11D3-BF4B-00C04F79EFBC}") = "Haystack.Interception.Unity_2_1_505_2", "Haystack.Interception.Unity_2_1_505_2\Haystack.Interception.Unity_2_1_505_2.csproj", "{BE57247C-C2B9-4AF5-B2D7-B9072A3EF70F}"
EndProject
Project("{FAE04EC0-301F-11D3-BF4B-00C04F79EFBC}") = "Haystack.Interception.Unity_3_0_1304", "Haystack.Interception.Unity_3_0_1304\Haystack.Interception.Unity_3_0_1304.csproj", "{41939F1E-F9DE-442C-BCD1-1A75C8E864A3}"
EndProject
Project("{FAE04EC0-301F-11D3-BF4B-00C04F79EFBC}") = "Haystack.Interception.Unity_3_5_1304", "Haystack.Interception.Unity_3_5_1304\Haystack.Interception.Unity_3_5_1304.csproj", "{B48B9501-360E-4DA9-BF47-A2A7AD0D8448}"
EndProject
Project("{FAE04EC0-301F-11D3-BF4B-00C04F79EFBC}") = "Haystack.Interception.Unity_4_0_1", "Haystack.Interception.Unity_4_0_1\Haystack.Interception.Unity_4_0_1.csproj", "{DA39FC2D-747E-46F6-A16E-5F279C30CE42}"
EndProject
Project("{FAE04EC0-301F-11D3-BF4B-00C04F79EFBC}") = "Haystack.Interception.Ninject", "Haystack.Interception.Ninject\Haystack.Interception.Ninject.csproj", "{EDF531CA-55F0-4238-B4CA-E7CA1BF63727}"
EndProject
Project("{2150E333-8FDC-42A3-9474-1A3956D46DE8}") = "Runner", "Runner", "{F960922A-513D-4931-B94D-1AC20AD530D8}"
EndProject
Project("{2150E333-8FDC-42A3-9474-1A3956D46DE8}") = "Tests", "Tests", "{40F997F0-8D43-4A99-AA8E-080FDFCBD3E3}"
EndProject
Project("{FAE04EC0-301F-11D3-BF4B-00C04F79EFBC}") = "Haystack.Runner", "Haystack.Runner\Haystack.Runner.csproj", "{C2BF20B9-50FA-4EF9-B014-D825039D3018}"
EndProject
Project("{FAE04EC0-301F-11D3-BF4B-00C04F79EFBC}") = "Haystack.Runner.NUnit_2_6_2", "Haystack.Runner.NUnit_2_6_2\Haystack.Runner.NUnit_2_6_2.csproj", "{3C85EB48-E6D9-4DF4-8C83-4F95F44B586B}"
EndProject
Project("{FAE04EC0-301F-11D3-BF4B-00C04F79EFBC}") = "Haystack.Runner.NUnit_2_6_3", "Haystack.Runner.NUnit_2_6_3\Haystack.Runner.NUnit_2_6_3.csproj", "{D4100CE8-E803-4EF3-BD0B-86C8ABECE9F5}"
EndProject
Project("{FAE04EC0-301F-11D3-BF4B-00C04F79EFBC}") = "Haystack.Runner.NUnit_2_6_4", "Haystack.Runner.NUnit_2_6_4\Haystack.Runner.NUnit_2_6_4.csproj", "{BCCA2D90-FC1C-4BC8-887D-16BCEE27AC27}"
EndProject
Project("{FAE04EC0-301F-11D3-BF4B-00C04F79EFBC}") = "Haystack.Runner.NUnit_2_6_1", "Haystack.Runner.NUnit_2_6_1\Haystack.Runner.NUnit_2_6_1.csproj", "{4D5CFFA8-C4BC-451E-82B9-47AD4647400D}"
EndProject
Project("{FAE04EC0-301F-11D3-BF4B-00C04F79EFBC}") = "Haystack.Runner.NUnit_3_0_0", "Haystack.Runner.NUnit_3_0_0\Haystack.Runner.NUnit_3_0_0.csproj", "{36FF2646-7A6D-4436-A76A-7E3618DEA2AA}"
EndProject
Project("{FAE04EC0-301F-11D3-BF4B-00C04F79EFBC}") = "Haystack.Runner.NUnit_3_0_1", "Haystack.Runner.NUnit_3_0_1\Haystack.Runner.NUnit_3_0_1.csproj", "{9B69D2BF-F18D-4FA4-AEB0-E245BB26C2A1}"
EndProject
Project("{FAE04EC0-301F-11D3-BF4B-00C04F79EFBC}") = "Haystack.Interception.StructureMap", "Haystack.Interception.StructureMap\Haystack.Interception.StructureMap.csproj", "{B416969D-9033-46C3-AAD8-08CF293E45AD}"
EndProject
Project("{FAE04EC0-301F-11D3-BF4B-00C04F79EFBC}") = "Haystack.Interception.Autofac", "Haystack.Interception.Autofac\Haystack.Interception.Autofac.csproj", "{D098830C-0E03-44FF-B79F-05814E7D2DCD}"
EndProject
Project("{2150E333-8FDC-42A3-9474-1A3956D46DE8}") = "Interception", "Interception", "{157E85A4-36D9-4796-9334-77DB19C3C084}"
EndProject
Project("{FAE04EC0-301F-11D3-BF4B-00C04F79EFBC}") = "Haystack.Interception.Autofac.Tests", "Haystack.Interception.Autofac.Tests\Haystack.Interception.Autofac.Tests.csproj", "{625A6C41-C48C-4026-AF81-A20D2B25919B}"
EndProject
Project("{FAE04EC0-301F-11D3-BF4B-00C04F79EFBC}") = "Haystack.Interception.Ninject.Tests", "Haystack.Interception.Ninject.Tests\Haystack.Interception.Ninject.Tests.csproj", "{D00C414F-A223-42F8-85F7-CE1E61EB7F51}"
EndProject
Project("{FAE04EC0-301F-11D3-BF4B-00C04F79EFBC}") = "Haystack.Interception.Castle.Core.Tests", "Haystack.Interception.Castle.Core.Tests\Haystack.Interception.Castle.Core.Tests.csproj", "{318A1BD6-2BEE-47CB-9357-ED99F8954FEF}"
EndProject
Project("{FAE04EC0-301F-11D3-BF4B-00C04F79EFBC}") = "Haystack.Interception.StructureMap.Tests", "Haystack.Interception.StructureMap.Tests\Haystack.Interception.StructureMap.Tests.csproj", "{8FFF34C8-188D-43BD-AC57-9281B352DDC3}"
EndProject
Project("{FAE04EC0-301F-11D3-BF4B-00C04F79EFBC}") = "Haystack.Interception.Unity_2_1_505.Tests", "Haystack.Interception.Unity_2_1_505.Tests\Haystack.Interception.Unity_2_1_505.Tests.csproj", "{0196165C-EFD0-4431-B9E7-0A491F6DC478}"
EndProject
Project("{FAE04EC0-301F-11D3-BF4B-00C04F79EFBC}") = "Haystack.Interception.Unity_2_1_505_2.Tests", "Haystack.Interception.Unity_2_1_505_2.Tests\Haystack.Interception.Unity_2_1_505_2.Tests.csproj", "{519AAF4E-B646-4747-AE06-F00439E353F8}"
EndProject
Project("{FAE04EC0-301F-11D3-BF4B-00C04F79EFBC}") = "Haystack.Interception.Unity_3_0_1304.Tests", "Haystack.Interception.Unity_3_0_1304.Tests\Haystack.Interception.Unity_3_0_1304.Tests.csproj", "{194FA15C-D996-4F63-B577-DE3C4E78EEF9}"
EndProject
Project("{FAE04EC0-301F-11D3-BF4B-00C04F79EFBC}") = "Haystack.Interception.Unity_3_5_1304.Tests", "Haystack.Interception.Unity_3_5_1304.Tests\Haystack.Interception.Unity_3_5_1304.Tests.csproj", "{6FC45A7E-7A64-4A4C-9466-79B7FD8E218A}"
EndProject
Project("{FAE04EC0-301F-11D3-BF4B-00C04F79EFBC}") = "Haystack.Interception.Unity_4_0_1.Tests", "Haystack.Interception.Unity_4_0_1.Tests\Haystack.Interception.Unity_4_0_1.Tests.csproj", "{7DF5EC1F-0719-4CF9-95F9-9D29A48B9CC1}"
EndProject
Project("{FAE04EC0-301F-11D3-BF4B-00C04F79EFBC}") = "Haystack.Interception.Tests", "Haystack.Interception.Tests\Haystack.Interception.Tests.csproj", "{77E43FB4-CA70-45D0-A968-6AEA3719AB4A}"
EndProject
Project("{2150E333-8FDC-42A3-9474-1A3956D46DE8}") = "StaticAnalysis", "StaticAnalysis", "{D8B70B77-EC66-4DB5-87B2-9454B699B579}"
EndProject
Project("{2150E333-8FDC-42A3-9474-1A3956D46DE8}") = "SourceControl", "SourceControl", "{189AD125-963E-4E5A-B763-7F28E88856EE}"
EndProject
Project("{2150E333-8FDC-42A3-9474-1A3956D46DE8}") = "CodeCoverage", "CodeCoverage", "{401516F1-0BE7-4EA4-9AC8-00EF979FE187}"
EndProject
Project("{FAE04EC0-301F-11D3-BF4B-00C04F79EFBC}") = "Haystack.Analysis", "Haystack.Analysis\Haystack.Analysis.csproj", "{4A7B0200-7A29-44D2-85CE-DE48FCB47D6A}"
EndProject
Project("{FAE04EC0-301F-11D3-BF4B-00C04F79EFBC}") = "Haystack.Analysis.Tests", "Haystack.Analysis.Tests\Haystack.Analysis.Tests.csproj", "{F9A8B021-5E78-42B1-A1D7-D89330786721}"
EndProject
Project("{FAE04EC0-301F-11D3-BF4B-00C04F79EFBC}") = "Haystack.Amendments", "Haystack.Amendments\Haystack.Amendments.csproj", "{FF76E013-1F51-4972-95A7-2CBB1CC27269}"
EndProject
Global
	GlobalSection(SolutionConfigurationPlatforms) = preSolution
		Debug|Any CPU = Debug|Any CPU
		Release|Any CPU = Release|Any CPU
	EndGlobalSection
	GlobalSection(ProjectConfigurationPlatforms) = postSolution
		{8F094168-2764-495B-AF6E-9C135AF04CDA}.Debug|Any CPU.ActiveCfg = Debug|Any CPU
		{8F094168-2764-495B-AF6E-9C135AF04CDA}.Debug|Any CPU.Build.0 = Debug|Any CPU
		{8F094168-2764-495B-AF6E-9C135AF04CDA}.Release|Any CPU.ActiveCfg = Release|Any CPU
		{8F094168-2764-495B-AF6E-9C135AF04CDA}.Release|Any CPU.Build.0 = Release|Any CPU
		{F7FF30D3-AA8C-4DF9-AA03-B39B5A63A11B}.Debug|Any CPU.ActiveCfg = Debug|Any CPU
		{F7FF30D3-AA8C-4DF9-AA03-B39B5A63A11B}.Debug|Any CPU.Build.0 = Debug|Any CPU
		{F7FF30D3-AA8C-4DF9-AA03-B39B5A63A11B}.Release|Any CPU.ActiveCfg = Release|Any CPU
		{F7FF30D3-AA8C-4DF9-AA03-B39B5A63A11B}.Release|Any CPU.Build.0 = Release|Any CPU
		{94A29685-73D8-43A4-9EBD-50805E83622C}.Debug|Any CPU.ActiveCfg = Debug|Any CPU
		{94A29685-73D8-43A4-9EBD-50805E83622C}.Debug|Any CPU.Build.0 = Debug|Any CPU
		{94A29685-73D8-43A4-9EBD-50805E83622C}.Release|Any CPU.ActiveCfg = Release|Any CPU
		{94A29685-73D8-43A4-9EBD-50805E83622C}.Release|Any CPU.Build.0 = Release|Any CPU
		{BE57247C-C2B9-4AF5-B2D7-B9072A3EF70F}.Debug|Any CPU.ActiveCfg = Debug|Any CPU
		{BE57247C-C2B9-4AF5-B2D7-B9072A3EF70F}.Debug|Any CPU.Build.0 = Debug|Any CPU
		{BE57247C-C2B9-4AF5-B2D7-B9072A3EF70F}.Release|Any CPU.ActiveCfg = Release|Any CPU
		{BE57247C-C2B9-4AF5-B2D7-B9072A3EF70F}.Release|Any CPU.Build.0 = Release|Any CPU
		{41939F1E-F9DE-442C-BCD1-1A75C8E864A3}.Debug|Any CPU.ActiveCfg = Debug|Any CPU
		{41939F1E-F9DE-442C-BCD1-1A75C8E864A3}.Debug|Any CPU.Build.0 = Debug|Any CPU
		{41939F1E-F9DE-442C-BCD1-1A75C8E864A3}.Release|Any CPU.ActiveCfg = Release|Any CPU
		{41939F1E-F9DE-442C-BCD1-1A75C8E864A3}.Release|Any CPU.Build.0 = Release|Any CPU
		{B48B9501-360E-4DA9-BF47-A2A7AD0D8448}.Debug|Any CPU.ActiveCfg = Debug|Any CPU
		{B48B9501-360E-4DA9-BF47-A2A7AD0D8448}.Debug|Any CPU.Build.0 = Debug|Any CPU
		{B48B9501-360E-4DA9-BF47-A2A7AD0D8448}.Release|Any CPU.ActiveCfg = Release|Any CPU
		{B48B9501-360E-4DA9-BF47-A2A7AD0D8448}.Release|Any CPU.Build.0 = Release|Any CPU
		{DA39FC2D-747E-46F6-A16E-5F279C30CE42}.Debug|Any CPU.ActiveCfg = Debug|Any CPU
		{DA39FC2D-747E-46F6-A16E-5F279C30CE42}.Debug|Any CPU.Build.0 = Debug|Any CPU
		{DA39FC2D-747E-46F6-A16E-5F279C30CE42}.Release|Any CPU.ActiveCfg = Release|Any CPU
		{DA39FC2D-747E-46F6-A16E-5F279C30CE42}.Release|Any CPU.Build.0 = Release|Any CPU
		{EDF531CA-55F0-4238-B4CA-E7CA1BF63727}.Debug|Any CPU.ActiveCfg = Debug|Any CPU
		{EDF531CA-55F0-4238-B4CA-E7CA1BF63727}.Debug|Any CPU.Build.0 = Debug|Any CPU
		{EDF531CA-55F0-4238-B4CA-E7CA1BF63727}.Release|Any CPU.ActiveCfg = Release|Any CPU
		{EDF531CA-55F0-4238-B4CA-E7CA1BF63727}.Release|Any CPU.Build.0 = Release|Any CPU
		{C2BF20B9-50FA-4EF9-B014-D825039D3018}.Debug|Any CPU.ActiveCfg = Debug|Any CPU
		{C2BF20B9-50FA-4EF9-B014-D825039D3018}.Debug|Any CPU.Build.0 = Debug|Any CPU
		{C2BF20B9-50FA-4EF9-B014-D825039D3018}.Release|Any CPU.ActiveCfg = Release|Any CPU
		{C2BF20B9-50FA-4EF9-B014-D825039D3018}.Release|Any CPU.Build.0 = Release|Any CPU
		{3C85EB48-E6D9-4DF4-8C83-4F95F44B586B}.Debug|Any CPU.ActiveCfg = Debug|Any CPU
		{3C85EB48-E6D9-4DF4-8C83-4F95F44B586B}.Debug|Any CPU.Build.0 = Debug|Any CPU
		{3C85EB48-E6D9-4DF4-8C83-4F95F44B586B}.Release|Any CPU.ActiveCfg = Release|Any CPU
		{3C85EB48-E6D9-4DF4-8C83-4F95F44B586B}.Release|Any CPU.Build.0 = Release|Any CPU
		{D4100CE8-E803-4EF3-BD0B-86C8ABECE9F5}.Debug|Any CPU.ActiveCfg = Debug|Any CPU
		{D4100CE8-E803-4EF3-BD0B-86C8ABECE9F5}.Debug|Any CPU.Build.0 = Debug|Any CPU
		{D4100CE8-E803-4EF3-BD0B-86C8ABECE9F5}.Release|Any CPU.ActiveCfg = Release|Any CPU
		{D4100CE8-E803-4EF3-BD0B-86C8ABECE9F5}.Release|Any CPU.Build.0 = Release|Any CPU
		{BCCA2D90-FC1C-4BC8-887D-16BCEE27AC27}.Debug|Any CPU.ActiveCfg = Debug|Any CPU
		{BCCA2D90-FC1C-4BC8-887D-16BCEE27AC27}.Debug|Any CPU.Build.0 = Debug|Any CPU
		{BCCA2D90-FC1C-4BC8-887D-16BCEE27AC27}.Release|Any CPU.ActiveCfg = Release|Any CPU
		{BCCA2D90-FC1C-4BC8-887D-16BCEE27AC27}.Release|Any CPU.Build.0 = Release|Any CPU
		{4D5CFFA8-C4BC-451E-82B9-47AD4647400D}.Debug|Any CPU.ActiveCfg = Debug|Any CPU
		{4D5CFFA8-C4BC-451E-82B9-47AD4647400D}.Debug|Any CPU.Build.0 = Debug|Any CPU
		{4D5CFFA8-C4BC-451E-82B9-47AD4647400D}.Release|Any CPU.ActiveCfg = Release|Any CPU
		{4D5CFFA8-C4BC-451E-82B9-47AD4647400D}.Release|Any CPU.Build.0 = Release|Any CPU
		{36FF2646-7A6D-4436-A76A-7E3618DEA2AA}.Debug|Any CPU.ActiveCfg = Debug|Any CPU
		{36FF2646-7A6D-4436-A76A-7E3618DEA2AA}.Debug|Any CPU.Build.0 = Debug|Any CPU
		{36FF2646-7A6D-4436-A76A-7E3618DEA2AA}.Release|Any CPU.ActiveCfg = Release|Any CPU
		{36FF2646-7A6D-4436-A76A-7E3618DEA2AA}.Release|Any CPU.Build.0 = Release|Any CPU
		{9B69D2BF-F18D-4FA4-AEB0-E245BB26C2A1}.Debug|Any CPU.ActiveCfg = Debug|Any CPU
		{9B69D2BF-F18D-4FA4-AEB0-E245BB26C2A1}.Debug|Any CPU.Build.0 = Debug|Any CPU
		{9B69D2BF-F18D-4FA4-AEB0-E245BB26C2A1}.Release|Any CPU.ActiveCfg = Release|Any CPU
		{9B69D2BF-F18D-4FA4-AEB0-E245BB26C2A1}.Release|Any CPU.Build.0 = Release|Any CPU
		{B416969D-9033-46C3-AAD8-08CF293E45AD}.Debug|Any CPU.ActiveCfg = Debug|Any CPU
		{B416969D-9033-46C3-AAD8-08CF293E45AD}.Debug|Any CPU.Build.0 = Debug|Any CPU
		{B416969D-9033-46C3-AAD8-08CF293E45AD}.Release|Any CPU.ActiveCfg = Release|Any CPU
		{B416969D-9033-46C3-AAD8-08CF293E45AD}.Release|Any CPU.Build.0 = Release|Any CPU
		{D098830C-0E03-44FF-B79F-05814E7D2DCD}.Debug|Any CPU.ActiveCfg = Debug|Any CPU
		{D098830C-0E03-44FF-B79F-05814E7D2DCD}.Debug|Any CPU.Build.0 = Debug|Any CPU
		{D098830C-0E03-44FF-B79F-05814E7D2DCD}.Release|Any CPU.ActiveCfg = Release|Any CPU
		{D098830C-0E03-44FF-B79F-05814E7D2DCD}.Release|Any CPU.Build.0 = Release|Any CPU
		{625A6C41-C48C-4026-AF81-A20D2B25919B}.Debug|Any CPU.ActiveCfg = Debug|Any CPU
		{625A6C41-C48C-4026-AF81-A20D2B25919B}.Debug|Any CPU.Build.0 = Debug|Any CPU
		{625A6C41-C48C-4026-AF81-A20D2B25919B}.Release|Any CPU.ActiveCfg = Release|Any CPU
		{625A6C41-C48C-4026-AF81-A20D2B25919B}.Release|Any CPU.Build.0 = Release|Any CPU
		{D00C414F-A223-42F8-85F7-CE1E61EB7F51}.Debug|Any CPU.ActiveCfg = Debug|Any CPU
		{D00C414F-A223-42F8-85F7-CE1E61EB7F51}.Debug|Any CPU.Build.0 = Debug|Any CPU
		{D00C414F-A223-42F8-85F7-CE1E61EB7F51}.Release|Any CPU.ActiveCfg = Release|Any CPU
		{D00C414F-A223-42F8-85F7-CE1E61EB7F51}.Release|Any CPU.Build.0 = Release|Any CPU
		{318A1BD6-2BEE-47CB-9357-ED99F8954FEF}.Debug|Any CPU.ActiveCfg = Debug|Any CPU
		{318A1BD6-2BEE-47CB-9357-ED99F8954FEF}.Debug|Any CPU.Build.0 = Debug|Any CPU
		{318A1BD6-2BEE-47CB-9357-ED99F8954FEF}.Release|Any CPU.ActiveCfg = Release|Any CPU
		{318A1BD6-2BEE-47CB-9357-ED99F8954FEF}.Release|Any CPU.Build.0 = Release|Any CPU
		{8FFF34C8-188D-43BD-AC57-9281B352DDC3}.Debug|Any CPU.ActiveCfg = Debug|Any CPU
		{8FFF34C8-188D-43BD-AC57-9281B352DDC3}.Debug|Any CPU.Build.0 = Debug|Any CPU
		{8FFF34C8-188D-43BD-AC57-9281B352DDC3}.Release|Any CPU.ActiveCfg = Release|Any CPU
		{8FFF34C8-188D-43BD-AC57-9281B352DDC3}.Release|Any CPU.Build.0 = Release|Any CPU
		{0196165C-EFD0-4431-B9E7-0A491F6DC478}.Debug|Any CPU.ActiveCfg = Debug|Any CPU
		{0196165C-EFD0-4431-B9E7-0A491F6DC478}.Debug|Any CPU.Build.0 = Debug|Any CPU
		{0196165C-EFD0-4431-B9E7-0A491F6DC478}.Release|Any CPU.ActiveCfg = Release|Any CPU
		{0196165C-EFD0-4431-B9E7-0A491F6DC478}.Release|Any CPU.Build.0 = Release|Any CPU
		{519AAF4E-B646-4747-AE06-F00439E353F8}.Debug|Any CPU.ActiveCfg = Debug|Any CPU
		{519AAF4E-B646-4747-AE06-F00439E353F8}.Debug|Any CPU.Build.0 = Debug|Any CPU
		{519AAF4E-B646-4747-AE06-F00439E353F8}.Release|Any CPU.ActiveCfg = Release|Any CPU
		{519AAF4E-B646-4747-AE06-F00439E353F8}.Release|Any CPU.Build.0 = Release|Any CPU
		{194FA15C-D996-4F63-B577-DE3C4E78EEF9}.Debug|Any CPU.ActiveCfg = Debug|Any CPU
		{194FA15C-D996-4F63-B577-DE3C4E78EEF9}.Debug|Any CPU.Build.0 = Debug|Any CPU
		{194FA15C-D996-4F63-B577-DE3C4E78EEF9}.Release|Any CPU.ActiveCfg = Release|Any CPU
		{194FA15C-D996-4F63-B577-DE3C4E78EEF9}.Release|Any CPU.Build.0 = Release|Any CPU
		{6FC45A7E-7A64-4A4C-9466-79B7FD8E218A}.Debug|Any CPU.ActiveCfg = Debug|Any CPU
		{6FC45A7E-7A64-4A4C-9466-79B7FD8E218A}.Debug|Any CPU.Build.0 = Debug|Any CPU
		{6FC45A7E-7A64-4A4C-9466-79B7FD8E218A}.Release|Any CPU.ActiveCfg = Release|Any CPU
		{6FC45A7E-7A64-4A4C-9466-79B7FD8E218A}.Release|Any CPU.Build.0 = Release|Any CPU
		{7DF5EC1F-0719-4CF9-95F9-9D29A48B9CC1}.Debug|Any CPU.ActiveCfg = Debug|Any CPU
		{7DF5EC1F-0719-4CF9-95F9-9D29A48B9CC1}.Debug|Any CPU.Build.0 = Debug|Any CPU
		{7DF5EC1F-0719-4CF9-95F9-9D29A48B9CC1}.Release|Any CPU.ActiveCfg = Release|Any CPU
		{7DF5EC1F-0719-4CF9-95F9-9D29A48B9CC1}.Release|Any CPU.Build.0 = Release|Any CPU
		{77E43FB4-CA70-45D0-A968-6AEA3719AB4A}.Debug|Any CPU.ActiveCfg = Debug|Any CPU
		{77E43FB4-CA70-45D0-A968-6AEA3719AB4A}.Debug|Any CPU.Build.0 = Debug|Any CPU
		{77E43FB4-CA70-45D0-A968-6AEA3719AB4A}.Release|Any CPU.ActiveCfg = Release|Any CPU
		{77E43FB4-CA70-45D0-A968-6AEA3719AB4A}.Release|Any CPU.Build.0 = Release|Any CPU
		{4A7B0200-7A29-44D2-85CE-DE48FCB47D6A}.Debug|Any CPU.ActiveCfg = Debug|Any CPU
		{4A7B0200-7A29-44D2-85CE-DE48FCB47D6A}.Debug|Any CPU.Build.0 = Debug|Any CPU
		{4A7B0200-7A29-44D2-85CE-DE48FCB47D6A}.Release|Any CPU.ActiveCfg = Release|Any CPU
		{4A7B0200-7A29-44D2-85CE-DE48FCB47D6A}.Release|Any CPU.Build.0 = Release|Any CPU
		{F9A8B021-5E78-42B1-A1D7-D89330786721}.Debug|Any CPU.ActiveCfg = Debug|Any CPU
		{F9A8B021-5E78-42B1-A1D7-D89330786721}.Debug|Any CPU.Build.0 = Debug|Any CPU
		{F9A8B021-5E78-42B1-A1D7-D89330786721}.Release|Any CPU.ActiveCfg = Release|Any CPU
		{F9A8B021-5E78-42B1-A1D7-D89330786721}.Release|Any CPU.Build.0 = Release|Any CPU
		{FF76E013-1F51-4972-95A7-2CBB1CC27269}.Debug|Any CPU.ActiveCfg = Debug|Any CPU
		{FF76E013-1F51-4972-95A7-2CBB1CC27269}.Debug|Any CPU.Build.0 = Debug|Any CPU
		{FF76E013-1F51-4972-95A7-2CBB1CC27269}.Release|Any CPU.ActiveCfg = Release|Any CPU
		{FF76E013-1F51-4972-95A7-2CBB1CC27269}.Release|Any CPU.Build.0 = Release|Any CPU
	EndGlobalSection
	GlobalSection(SolutionProperties) = preSolution
		HideSolutionNode = FALSE
	EndGlobalSection
	GlobalSection(NestedProjects) = preSolution
		{F7FF30D3-AA8C-4DF9-AA03-B39B5A63A11B} = {87B13A0D-F857-4925-B05C-BE5D4D1D297C}
		{94A29685-73D8-43A4-9EBD-50805E83622C} = {87B13A0D-F857-4925-B05C-BE5D4D1D297C}
		{BE57247C-C2B9-4AF5-B2D7-B9072A3EF70F} = {87B13A0D-F857-4925-B05C-BE5D4D1D297C}
		{41939F1E-F9DE-442C-BCD1-1A75C8E864A3} = {87B13A0D-F857-4925-B05C-BE5D4D1D297C}
		{B48B9501-360E-4DA9-BF47-A2A7AD0D8448} = {87B13A0D-F857-4925-B05C-BE5D4D1D297C}
		{DA39FC2D-747E-46F6-A16E-5F279C30CE42} = {87B13A0D-F857-4925-B05C-BE5D4D1D297C}
		{EDF531CA-55F0-4238-B4CA-E7CA1BF63727} = {87B13A0D-F857-4925-B05C-BE5D4D1D297C}
		{C2BF20B9-50FA-4EF9-B014-D825039D3018} = {F960922A-513D-4931-B94D-1AC20AD530D8}
		{3C85EB48-E6D9-4DF4-8C83-4F95F44B586B} = {F960922A-513D-4931-B94D-1AC20AD530D8}
		{D4100CE8-E803-4EF3-BD0B-86C8ABECE9F5} = {F960922A-513D-4931-B94D-1AC20AD530D8}
		{BCCA2D90-FC1C-4BC8-887D-16BCEE27AC27} = {F960922A-513D-4931-B94D-1AC20AD530D8}
		{4D5CFFA8-C4BC-451E-82B9-47AD4647400D} = {F960922A-513D-4931-B94D-1AC20AD530D8}
		{36FF2646-7A6D-4436-A76A-7E3618DEA2AA} = {F960922A-513D-4931-B94D-1AC20AD530D8}
		{9B69D2BF-F18D-4FA4-AEB0-E245BB26C2A1} = {F960922A-513D-4931-B94D-1AC20AD530D8}
		{B416969D-9033-46C3-AAD8-08CF293E45AD} = {87B13A0D-F857-4925-B05C-BE5D4D1D297C}
		{D098830C-0E03-44FF-B79F-05814E7D2DCD} = {87B13A0D-F857-4925-B05C-BE5D4D1D297C}
		{157E85A4-36D9-4796-9334-77DB19C3C084} = {40F997F0-8D43-4A99-AA8E-080FDFCBD3E3}
		{625A6C41-C48C-4026-AF81-A20D2B25919B} = {157E85A4-36D9-4796-9334-77DB19C3C084}
		{D00C414F-A223-42F8-85F7-CE1E61EB7F51} = {157E85A4-36D9-4796-9334-77DB19C3C084}
		{318A1BD6-2BEE-47CB-9357-ED99F8954FEF} = {157E85A4-36D9-4796-9334-77DB19C3C084}
		{8FFF34C8-188D-43BD-AC57-9281B352DDC3} = {157E85A4-36D9-4796-9334-77DB19C3C084}
		{0196165C-EFD0-4431-B9E7-0A491F6DC478} = {157E85A4-36D9-4796-9334-77DB19C3C084}
		{519AAF4E-B646-4747-AE06-F00439E353F8} = {157E85A4-36D9-4796-9334-77DB19C3C084}
		{194FA15C-D996-4F63-B577-DE3C4E78EEF9} = {157E85A4-36D9-4796-9334-77DB19C3C084}
		{6FC45A7E-7A64-4A4C-9466-79B7FD8E218A} = {157E85A4-36D9-4796-9334-77DB19C3C084}
		{7DF5EC1F-0719-4CF9-95F9-9D29A48B9CC1} = {157E85A4-36D9-4796-9334-77DB19C3C084}
		{77E43FB4-CA70-45D0-A968-6AEA3719AB4A} = {157E85A4-36D9-4796-9334-77DB19C3C084}
		{F9A8B021-5E78-42B1-A1D7-D89330786721} = {40F997F0-8D43-4A99-AA8E-080FDFCBD3E3}
	EndGlobalSection
	GlobalSection(ExtensibilityGlobals) = postSolution
		EnterpriseLibraryConfigurationToolBinariesPath = packages\Unity.2.1.505.0\lib\NET35;packages\Unity.Interception.2.1.505.0\lib\NET35;packages\Unity.Interception.2.1.505.2\lib\NET35;packages\Unity.2.1.505.2\lib\NET35
	EndGlobalSection
EndGlobal
